// !$*UTF8*$!
{
	archiveVersion = 1;
	classes = {
	};
	objectVersion = 56;
	objects = {

/* Begin PBXBuildFile section */
		C60EDBD12AECC13F00C48C02 /* StatisticView.swift in Sources */ = {isa = PBXBuildFile; fileRef = C60EDBCB2AECC13E00C48C02 /* StatisticView.swift */; };
		C60EDBD22AECC13F00C48C02 /* SearchBarView.swift in Sources */ = {isa = PBXBuildFile; fileRef = C60EDBCC2AECC13E00C48C02 /* SearchBarView.swift */; };
		C60EDBD32AECC13F00C48C02 /* XmarkButton.swift in Sources */ = {isa = PBXBuildFile; fileRef = C60EDBCD2AECC13E00C48C02 /* XmarkButton.swift */; };
		C60EDBD42AECC13F00C48C02 /* DecimalTextField.swift in Sources */ = {isa = PBXBuildFile; fileRef = C60EDBCE2AECC13E00C48C02 /* DecimalTextField.swift */; };
		C60EDBD52AECC13F00C48C02 /* NavigationLazyView.swift in Sources */ = {isa = PBXBuildFile; fileRef = C60EDBCF2AECC13E00C48C02 /* NavigationLazyView.swift */; };
		C60EDBD62AECC13F00C48C02 /* LegacyTextField.swift in Sources */ = {isa = PBXBuildFile; fileRef = C60EDBD02AECC13E00C48C02 /* LegacyTextField.swift */; };
		C60EDBDE2AECC15A00C48C02 /* CoinModel.swift in Sources */ = {isa = PBXBuildFile; fileRef = C60EDBD82AECC15A00C48C02 /* CoinModel.swift */; };
		C60EDBDF2AECC15A00C48C02 /* MarketDataModel.swift in Sources */ = {isa = PBXBuildFile; fileRef = C60EDBD92AECC15A00C48C02 /* MarketDataModel.swift */; };
		C60EDBE02AECC15A00C48C02 /* PortfolioContainer.xcdatamodeld in Sources */ = {isa = PBXBuildFile; fileRef = C60EDBDA2AECC15A00C48C02 /* PortfolioContainer.xcdatamodeld */; };
		C60EDBE12AECC15A00C48C02 /* StatictisModel.swift in Sources */ = {isa = PBXBuildFile; fileRef = C60EDBDC2AECC15A00C48C02 /* StatictisModel.swift */; };
		C60EDBE22AECC15A00C48C02 /* CoinDetailModel.swift in Sources */ = {isa = PBXBuildFile; fileRef = C60EDBDD2AECC15A00C48C02 /* CoinDetailModel.swift */; };
		C60EDBE42AECC2AC00C48C02 /* XmarkButton.swift in Sources */ = {isa = PBXBuildFile; fileRef = C60EDBE32AECC2AC00C48C02 /* XmarkButton.swift */; };
		C60EDBEC2AECC2B700C48C02 /* ImageCache.swift in Sources */ = {isa = PBXBuildFile; fileRef = C60EDBE62AECC2B700C48C02 /* ImageCache.swift */; };
		C60EDBED2AECC2B700C48C02 /* ImageLoader.swift in Sources */ = {isa = PBXBuildFile; fileRef = C60EDBE72AECC2B700C48C02 /* ImageLoader.swift */; };
		C60EDBEE2AECC2B700C48C02 /* CoinLogoView.swift in Sources */ = {isa = PBXBuildFile; fileRef = C60EDBE82AECC2B700C48C02 /* CoinLogoView.swift */; };
		C60EDBEF2AECC2B700C48C02 /* EnvironmentValues+ImageCache.swift in Sources */ = {isa = PBXBuildFile; fileRef = C60EDBE92AECC2B700C48C02 /* EnvironmentValues+ImageCache.swift */; };
		C60EDBF02AECC2B700C48C02 /* AsyncImage.swift in Sources */ = {isa = PBXBuildFile; fileRef = C60EDBEA2AECC2B700C48C02 /* AsyncImage.swift */; };
		C60EDBF12AECC2B700C48C02 /* AsyncImageView.swift in Sources */ = {isa = PBXBuildFile; fileRef = C60EDBEB2AECC2B700C48C02 /* AsyncImageView.swift */; };
		C60EDBF52AECC2D900C48C02 /* CircleButtonView.swift in Sources */ = {isa = PBXBuildFile; fileRef = C60EDBF32AECC2D900C48C02 /* CircleButtonView.swift */; };
		C60EDBF62AECC2D900C48C02 /* CircleAnimationButtonView.swift in Sources */ = {isa = PBXBuildFile; fileRef = C60EDBF42AECC2D900C48C02 /* CircleAnimationButtonView.swift */; };
		C60EDBFC2AECC32A00C48C02 /* DetailView.swift in Sources */ = {isa = PBXBuildFile; fileRef = C60EDBF82AECC32A00C48C02 /* DetailView.swift */; };
		C60EDBFD2AECC32A00C48C02 /* ChartView.swift in Sources */ = {isa = PBXBuildFile; fileRef = C60EDBFA2AECC32A00C48C02 /* ChartView.swift */; };
		C60EDBFE2AECC32A00C48C02 /* DetailViewModel.swift in Sources */ = {isa = PBXBuildFile; fileRef = C60EDBFB2AECC32A00C48C02 /* DetailViewModel.swift */; };
		C6CB2BB32AE6690300D398F5 /* GitTestApp.swift in Sources */ = {isa = PBXBuildFile; fileRef = C6CB2BB22AE6690300D398F5 /* GitTestApp.swift */; };
		C6CB2BB72AE6690600D398F5 /* Assets.xcassets in Resources */ = {isa = PBXBuildFile; fileRef = C6CB2BB62AE6690600D398F5 /* Assets.xcassets */; };
		C6CB2BBA2AE6690600D398F5 /* Preview Assets.xcassets in Resources */ = {isa = PBXBuildFile; fileRef = C6CB2BB92AE6690600D398F5 /* Preview Assets.xcassets */; };
		C6DA912C2AE8C5DD00C27500 /* View.swift in Sources */ = {isa = PBXBuildFile; fileRef = C6DA912B2AE8C5DD00C27500 /* View.swift */; };
/* End PBXBuildFile section */

/* Begin PBXFileReference section */
		C60EDBCB2AECC13E00C48C02 /* StatisticView.swift */ = {isa = PBXFileReference; fileEncoding = 4; lastKnownFileType = sourcecode.swift; path = StatisticView.swift; sourceTree = "<group>"; };
		C60EDBCC2AECC13E00C48C02 /* SearchBarView.swift */ = {isa = PBXFileReference; fileEncoding = 4; lastKnownFileType = sourcecode.swift; path = SearchBarView.swift; sourceTree = "<group>"; };
		C60EDBCD2AECC13E00C48C02 /* XmarkButton.swift */ = {isa = PBXFileReference; fileEncoding = 4; lastKnownFileType = sourcecode.swift; path = XmarkButton.swift; sourceTree = "<group>"; };
		C60EDBCE2AECC13E00C48C02 /* DecimalTextField.swift */ = {isa = PBXFileReference; fileEncoding = 4; lastKnownFileType = sourcecode.swift; path = DecimalTextField.swift; sourceTree = "<group>"; };
		C60EDBCF2AECC13E00C48C02 /* NavigationLazyView.swift */ = {isa = PBXFileReference; fileEncoding = 4; lastKnownFileType = sourcecode.swift; path = NavigationLazyView.swift; sourceTree = "<group>"; };
		C60EDBD02AECC13E00C48C02 /* LegacyTextField.swift */ = {isa = PBXFileReference; fileEncoding = 4; lastKnownFileType = sourcecode.swift; path = LegacyTextField.swift; sourceTree = "<group>"; };
		C60EDBD82AECC15A00C48C02 /* CoinModel.swift */ = {isa = PBXFileReference; fileEncoding = 4; lastKnownFileType = sourcecode.swift; path = CoinModel.swift; sourceTree = "<group>"; };
		C60EDBD92AECC15A00C48C02 /* MarketDataModel.swift */ = {isa = PBXFileReference; fileEncoding = 4; lastKnownFileType = sourcecode.swift; path = MarketDataModel.swift; sourceTree = "<group>"; };
		C60EDBDB2AECC15A00C48C02 /* PortfolioContainer.xcdatamodel */ = {isa = PBXFileReference; lastKnownFileType = wrapper.xcdatamodel; path = PortfolioContainer.xcdatamodel; sourceTree = "<group>"; };
		C60EDBDC2AECC15A00C48C02 /* StatictisModel.swift */ = {isa = PBXFileReference; fileEncoding = 4; lastKnownFileType = sourcecode.swift; path = StatictisModel.swift; sourceTree = "<group>"; };
		C60EDBDD2AECC15A00C48C02 /* CoinDetailModel.swift */ = {isa = PBXFileReference; fileEncoding = 4; lastKnownFileType = sourcecode.swift; path = CoinDetailModel.swift; sourceTree = "<group>"; };
		C60EDBE32AECC2AC00C48C02 /* XmarkButton.swift */ = {isa = PBXFileReference; fileEncoding = 4; lastKnownFileType = sourcecode.swift; name = XmarkButton.swift; path = ../../../../Documents/Projects/CryptoApp/CryptoApp/Core/Components/XmarkButton.swift; sourceTree = "<group>"; };
		C60EDBE62AECC2B700C48C02 /* ImageCache.swift */ = {isa = PBXFileReference; fileEncoding = 4; lastKnownFileType = sourcecode.swift; path = ImageCache.swift; sourceTree = "<group>"; };
		C60EDBE72AECC2B700C48C02 /* ImageLoader.swift */ = {isa = PBXFileReference; fileEncoding = 4; lastKnownFileType = sourcecode.swift; path = ImageLoader.swift; sourceTree = "<group>"; };
		C60EDBE82AECC2B700C48C02 /* CoinLogoView.swift */ = {isa = PBXFileReference; fileEncoding = 4; lastKnownFileType = sourcecode.swift; path = CoinLogoView.swift; sourceTree = "<group>"; };
		C60EDBE92AECC2B700C48C02 /* EnvironmentValues+ImageCache.swift */ = {isa = PBXFileReference; fileEncoding = 4; lastKnownFileType = sourcecode.swift; path = "EnvironmentValues+ImageCache.swift"; sourceTree = "<group>"; };
		C60EDBEA2AECC2B700C48C02 /* AsyncImage.swift */ = {isa = PBXFileReference; fileEncoding = 4; lastKnownFileType = sourcecode.swift; path = AsyncImage.swift; sourceTree = "<group>"; };
		C60EDBEB2AECC2B700C48C02 /* AsyncImageView.swift */ = {isa = PBXFileReference; fileEncoding = 4; lastKnownFileType = sourcecode.swift; path = AsyncImageView.swift; sourceTree = "<group>"; };
		C60EDBF32AECC2D900C48C02 /* CircleButtonView.swift */ = {isa = PBXFileReference; fileEncoding = 4; lastKnownFileType = sourcecode.swift; path = CircleButtonView.swift; sourceTree = "<group>"; };
		C60EDBF42AECC2D900C48C02 /* CircleAnimationButtonView.swift */ = {isa = PBXFileReference; fileEncoding = 4; lastKnownFileType = sourcecode.swift; path = CircleAnimationButtonView.swift; sourceTree = "<group>"; };
		C60EDBF82AECC32A00C48C02 /* DetailView.swift */ = {isa = PBXFileReference; fileEncoding = 4; lastKnownFileType = sourcecode.swift; path = DetailView.swift; sourceTree = "<group>"; };
		C60EDBFA2AECC32A00C48C02 /* ChartView.swift */ = {isa = PBXFileReference; fileEncoding = 4; lastKnownFileType = sourcecode.swift; path = ChartView.swift; sourceTree = "<group>"; };
		C60EDBFB2AECC32A00C48C02 /* DetailViewModel.swift */ = {isa = PBXFileReference; fileEncoding = 4; lastKnownFileType = sourcecode.swift; path = DetailViewModel.swift; sourceTree = "<group>"; };
		C6CB2BAF2AE6690300D398F5 /* GitTest.app */ = {isa = PBXFileReference; explicitFileType = wrapper.application; includeInIndex = 0; path = GitTest.app; sourceTree = BUILT_PRODUCTS_DIR; };
		C6CB2BB22AE6690300D398F5 /* GitTestApp.swift */ = {isa = PBXFileReference; lastKnownFileType = sourcecode.swift; path = GitTestApp.swift; sourceTree = "<group>"; };
		C6CB2BB62AE6690600D398F5 /* Assets.xcassets */ = {isa = PBXFileReference; lastKnownFileType = folder.assetcatalog; path = Assets.xcassets; sourceTree = "<group>"; };
		C6CB2BB92AE6690600D398F5 /* Preview Assets.xcassets */ = {isa = PBXFileReference; lastKnownFileType = folder.assetcatalog; path = "Preview Assets.xcassets"; sourceTree = "<group>"; };
		C6DA912B2AE8C5DD00C27500 /* View.swift */ = {isa = PBXFileReference; lastKnownFileType = sourcecode.swift; path = View.swift; sourceTree = "<group>"; };
/* End PBXFileReference section */

/* Begin PBXFrameworksBuildPhase section */
		C6CB2BAC2AE6690300D398F5 /* Frameworks */ = {
			isa = PBXFrameworksBuildPhase;
			buildActionMask = 2147483647;
			files = (
			);
			runOnlyForDeploymentPostprocessing = 0;
		};
/* End PBXFrameworksBuildPhase section */

/* Begin PBXGroup section */
		C60EDBC92AECC13E00C48C02 /* Core */ = {
			isa = PBXGroup;
			children = (
				C60EDBCA2AECC13E00C48C02 /* Components */,
			);
			path = Core;
			sourceTree = "<group>";
		};
		C60EDBCA2AECC13E00C48C02 /* Components */ = {
			isa = PBXGroup;
			children = (
				C60EDBCB2AECC13E00C48C02 /* StatisticView.swift */,
				C60EDBCC2AECC13E00C48C02 /* SearchBarView.swift */,
				C60EDBE32AECC2AC00C48C02 /* XmarkButton.swift */,
				C60EDBCD2AECC13E00C48C02 /* XmarkButton.swift */,
				C60EDBCF2AECC13E00C48C02 /* NavigationLazyView.swift */,
				C60EDBD02AECC13E00C48C02 /* LegacyTextField.swift */,
				C60EDBCE2AECC13E00C48C02 /* DecimalTextField.swift */,
				C60EDBE52AECC2B700C48C02 /* AsyncImage */,
				C60EDBF22AECC2D900C48C02 /* CircleButton */,
			);
			path = Components;
			sourceTree = "<group>";
		};
		C60EDBD72AECC15A00C48C02 /* Models */ = {
			isa = PBXGroup;
			children = (
				C60EDBD82AECC15A00C48C02 /* CoinModel.swift */,
				C60EDBD92AECC15A00C48C02 /* MarketDataModel.swift */,
				C60EDBDC2AECC15A00C48C02 /* StatictisModel.swift */,
				C60EDBDD2AECC15A00C48C02 /* CoinDetailModel.swift */,
				C60EDBDA2AECC15A00C48C02 /* PortfolioContainer.xcdatamodeld */,
			);
			path = Models;
			sourceTree = "<group>";
		};
		C60EDBE52AECC2B700C48C02 /* AsyncImage */ = {
			isa = PBXGroup;
			children = (
				C60EDBE62AECC2B700C48C02 /* ImageCache.swift */,
				C60EDBE72AECC2B700C48C02 /* ImageLoader.swift */,
				C60EDBE82AECC2B700C48C02 /* CoinLogoView.swift */,
				C60EDBE92AECC2B700C48C02 /* EnvironmentValues+ImageCache.swift */,
				C60EDBEA2AECC2B700C48C02 /* AsyncImage.swift */,
				C60EDBEB2AECC2B700C48C02 /* AsyncImageView.swift */,
			);
			path = AsyncImage;
			sourceTree = "<group>";
		};
		C60EDBF22AECC2D900C48C02 /* CircleButton */ = {
			isa = PBXGroup;
			children = (
				C60EDBF32AECC2D900C48C02 /* CircleButtonView.swift */,
				C60EDBF42AECC2D900C48C02 /* CircleAnimationButtonView.swift */,
			);
			path = CircleButton;
			sourceTree = "<group>";
		};
		C60EDBF72AECC32A00C48C02 /* Detail */ = {
			isa = PBXGroup;
			children = (
				C60EDBF82AECC32A00C48C02 /* DetailView.swift */,
				C60EDBF92AECC32A00C48C02 /* SubViews */,
				C60EDBFB2AECC32A00C48C02 /* DetailViewModel.swift */,
			);
			path = Detail;
			sourceTree = "<group>";
		};
		C60EDBF92AECC32A00C48C02 /* SubViews */ = {
			isa = PBXGroup;
			children = (
				C60EDBFA2AECC32A00C48C02 /* ChartView.swift */,
			);
			path = SubViews;
			sourceTree = "<group>";
		};
		C6CB2BA62AE6690300D398F5 = {
			isa = PBXGroup;
			children = (
				C6CB2BB12AE6690300D398F5 /* GitTest */,
				C6CB2BB02AE6690300D398F5 /* Products */,
			);
			sourceTree = "<group>";
		};
		C6CB2BB02AE6690300D398F5 /* Products */ = {
			isa = PBXGroup;
			children = (
				C6CB2BAF2AE6690300D398F5 /* GitTest.app */,
			);
			name = Products;
			sourceTree = "<group>";
		};
		C6CB2BB12AE6690300D398F5 /* GitTest */ = {
			isa = PBXGroup;
			children = (
				C60EDBD72AECC15A00C48C02 /* Models */,
				C60EDBC92AECC13E00C48C02 /* Core */,
				C60EDBF72AECC32A00C48C02 /* Detail */,
				C6CB2BB22AE6690300D398F5 /* GitTestApp.swift */,
				C6DA912B2AE8C5DD00C27500 /* View.swift */,
				C6CB2BB62AE6690600D398F5 /* Assets.xcassets */,
				C6CB2BB82AE6690600D398F5 /* Preview Content */,
			);
			path = GitTest;
			sourceTree = "<group>";
		};
		C6CB2BB82AE6690600D398F5 /* Preview Content */ = {
			isa = PBXGroup;
			children = (
				C6CB2BB92AE6690600D398F5 /* Preview Assets.xcassets */,
			);
			path = "Preview Content";
			sourceTree = "<group>";
		};
/* End PBXGroup section */

/* Begin PBXNativeTarget section */
		C6CB2BAE2AE6690300D398F5 /* GitTest */ = {
			isa = PBXNativeTarget;
			buildConfigurationList = C6CB2BBD2AE6690600D398F5 /* Build configuration list for PBXNativeTarget "GitTest" */;
			buildPhases = (
				C6CB2BAB2AE6690300D398F5 /* Sources */,
				C6CB2BAC2AE6690300D398F5 /* Frameworks */,
				C6CB2BAD2AE6690300D398F5 /* Resources */,
			);
			buildRules = (
			);
			dependencies = (
			);
			name = GitTest;
			productName = GitTest;
			productReference = C6CB2BAF2AE6690300D398F5 /* GitTest.app */;
			productType = "com.apple.product-type.application";
		};
/* End PBXNativeTarget section */

/* Begin PBXProject section */
		C6CB2BA72AE6690300D398F5 /* Project object */ = {
			isa = PBXProject;
			attributes = {
				BuildIndependentTargetsInParallel = 1;
				LastSwiftUpdateCheck = 1500;
				LastUpgradeCheck = 1500;
				TargetAttributes = {
					C6CB2BAE2AE6690300D398F5 = {
						CreatedOnToolsVersion = 15.0.1;
					};
				};
			};
			buildConfigurationList = C6CB2BAA2AE6690300D398F5 /* Build configuration list for PBXProject "GitTest" */;
			compatibilityVersion = "Xcode 14.0";
			developmentRegion = en;
			hasScannedForEncodings = 0;
			knownRegions = (
				en,
				Base,
			);
			mainGroup = C6CB2BA62AE6690300D398F5;
			productRefGroup = C6CB2BB02AE6690300D398F5 /* Products */;
			projectDirPath = "";
			projectRoot = "";
			targets = (
				C6CB2BAE2AE6690300D398F5 /* GitTest */,
			);
		};
/* End PBXProject section */

/* Begin PBXResourcesBuildPhase section */
		C6CB2BAD2AE6690300D398F5 /* Resources */ = {
			isa = PBXResourcesBuildPhase;
			buildActionMask = 2147483647;
			files = (
				C6CB2BBA2AE6690600D398F5 /* Preview Assets.xcassets in Resources */,
				C6CB2BB72AE6690600D398F5 /* Assets.xcassets in Resources */,
			);
			runOnlyForDeploymentPostprocessing = 0;
		};
/* End PBXResourcesBuildPhase section */

/* Begin PBXSourcesBuildPhase section */
		C6CB2BAB2AE6690300D398F5 /* Sources */ = {
			isa = PBXSourcesBuildPhase;
			buildActionMask = 2147483647;
			files = (
				C60EDBEC2AECC2B700C48C02 /* ImageCache.swift in Sources */,
				C60EDBD32AECC13F00C48C02 /* XmarkButton.swift in Sources */,
				C60EDBD42AECC13F00C48C02 /* DecimalTextField.swift in Sources */,
				C60EDBF12AECC2B700C48C02 /* AsyncImageView.swift in Sources */,
				C60EDBD22AECC13F00C48C02 /* SearchBarView.swift in Sources */,
				C60EDBEF2AECC2B700C48C02 /* EnvironmentValues+ImageCache.swift in Sources */,
				C60EDBDF2AECC15A00C48C02 /* MarketDataModel.swift in Sources */,
				C60EDBE22AECC15A00C48C02 /* CoinDetailModel.swift in Sources */,
				C60EDBED2AECC2B700C48C02 /* ImageLoader.swift in Sources */,
				C60EDBF52AECC2D900C48C02 /* CircleButtonView.swift in Sources */,
				C60EDBE12AECC15A00C48C02 /* StatictisModel.swift in Sources */,
				C60EDBD52AECC13F00C48C02 /* NavigationLazyView.swift in Sources */,
				C6CB2BB32AE6690300D398F5 /* GitTestApp.swift in Sources */,
				C60EDBFE2AECC32A00C48C02 /* DetailViewModel.swift in Sources */,
				C60EDBD12AECC13F00C48C02 /* StatisticView.swift in Sources */,
				C60EDBE42AECC2AC00C48C02 /* XmarkButton.swift in Sources */,
				C60EDBD62AECC13F00C48C02 /* LegacyTextField.swift in Sources */,
				C60EDBEE2AECC2B700C48C02 /* CoinLogoView.swift in Sources */,
				C60EDBFC2AECC32A00C48C02 /* DetailView.swift in Sources */,
				C60EDBF02AECC2B700C48C02 /* AsyncImage.swift in Sources */,
				C60EDBDE2AECC15A00C48C02 /* CoinModel.swift in Sources */,
				C60EDBF62AECC2D900C48C02 /* CircleAnimationButtonView.swift in Sources */,
				C6DA912C2AE8C5DD00C27500 /* View.swift in Sources */,
				C60EDBE02AECC15A00C48C02 /* PortfolioContainer.xcdatamodeld in Sources */,
				C60EDBFD2AECC32A00C48C02 /* ChartView.swift in Sources */,
			);
			runOnlyForDeploymentPostprocessing = 0;
		};
/* End PBXSourcesBuildPhase section */

/* Begin XCBuildConfiguration section */
		C6CB2BBB2AE6690600D398F5 /* Debug */ = {
			isa = XCBuildConfiguration;
			buildSettings = {
				ALWAYS_SEARCH_USER_PATHS = NO;
				ASSETCATALOG_COMPILER_GENERATE_SWIFT_ASSET_SYMBOL_EXTENSIONS = YES;
				CLANG_ANALYZER_NONNULL = YES;
				CLANG_ANALYZER_NUMBER_OBJECT_CONVERSION = YES_AGGRESSIVE;
				CLANG_CXX_LANGUAGE_STANDARD = "gnu++20";
				CLANG_ENABLE_MODULES = YES;
				CLANG_ENABLE_OBJC_ARC = YES;
				CLANG_ENABLE_OBJC_WEAK = YES;
				CLANG_WARN_BLOCK_CAPTURE_AUTORELEASING = YES;
				CLANG_WARN_BOOL_CONVERSION = YES;
				CLANG_WARN_COMMA = YES;
				CLANG_WARN_CONSTANT_CONVERSION = YES;
				CLANG_WARN_DEPRECATED_OBJC_IMPLEMENTATIONS = YES;
				CLANG_WARN_DIRECT_OBJC_ISA_USAGE = YES_ERROR;
				CLANG_WARN_DOCUMENTATION_COMMENTS = YES;
				CLANG_WARN_EMPTY_BODY = YES;
				CLANG_WARN_ENUM_CONVERSION = YES;
				CLANG_WARN_INFINITE_RECURSION = YES;
				CLANG_WARN_INT_CONVERSION = YES;
				CLANG_WARN_NON_LITERAL_NULL_CONVERSION = YES;
				CLANG_WARN_OBJC_IMPLICIT_RETAIN_SELF = YES;
				CLANG_WARN_OBJC_LITERAL_CONVERSION = YES;
				CLANG_WARN_OBJC_ROOT_CLASS = YES_ERROR;
				CLANG_WARN_QUOTED_INCLUDE_IN_FRAMEWORK_HEADER = YES;
				CLANG_WARN_RANGE_LOOP_ANALYSIS = YES;
				CLANG_WARN_STRICT_PROTOTYPES = YES;
				CLANG_WARN_SUSPICIOUS_MOVE = YES;
				CLANG_WARN_UNGUARDED_AVAILABILITY = YES_AGGRESSIVE;
				CLANG_WARN_UNREACHABLE_CODE = YES;
				CLANG_WARN__DUPLICATE_METHOD_MATCH = YES;
				COPY_PHASE_STRIP = NO;
				DEBUG_INFORMATION_FORMAT = dwarf;
				ENABLE_STRICT_OBJC_MSGSEND = YES;
				ENABLE_TESTABILITY = YES;
				ENABLE_USER_SCRIPT_SANDBOXING = YES;
				GCC_C_LANGUAGE_STANDARD = gnu17;
				GCC_DYNAMIC_NO_PIC = NO;
				GCC_NO_COMMON_BLOCKS = YES;
				GCC_OPTIMIZATION_LEVEL = 0;
				GCC_PREPROCESSOR_DEFINITIONS = (
					"DEBUG=1",
					"$(inherited)",
				);
				GCC_WARN_64_TO_32_BIT_CONVERSION = YES;
				GCC_WARN_ABOUT_RETURN_TYPE = YES_ERROR;
				GCC_WARN_UNDECLARED_SELECTOR = YES;
				GCC_WARN_UNINITIALIZED_AUTOS = YES_AGGRESSIVE;
				GCC_WARN_UNUSED_FUNCTION = YES;
				GCC_WARN_UNUSED_VARIABLE = YES;
				IPHONEOS_DEPLOYMENT_TARGET = 17.0;
				LOCALIZATION_PREFERS_STRING_CATALOGS = YES;
				MTL_ENABLE_DEBUG_INFO = INCLUDE_SOURCE;
				MTL_FAST_MATH = YES;
				ONLY_ACTIVE_ARCH = YES;
				SDKROOT = iphoneos;
				SWIFT_ACTIVE_COMPILATION_CONDITIONS = "DEBUG $(inherited)";
				SWIFT_OPTIMIZATION_LEVEL = "-Onone";
			};
			name = Debug;
		};
		C6CB2BBC2AE6690600D398F5 /* Release */ = {
			isa = XCBuildConfiguration;
			buildSettings = {
				ALWAYS_SEARCH_USER_PATHS = NO;
				ASSETCATALOG_COMPILER_GENERATE_SWIFT_ASSET_SYMBOL_EXTENSIONS = YES;
				CLANG_ANALYZER_NONNULL = YES;
				CLANG_ANALYZER_NUMBER_OBJECT_CONVERSION = YES_AGGRESSIVE;
				CLANG_CXX_LANGUAGE_STANDARD = "gnu++20";
				CLANG_ENABLE_MODULES = YES;
				CLANG_ENABLE_OBJC_ARC = YES;
				CLANG_ENABLE_OBJC_WEAK = YES;
				CLANG_WARN_BLOCK_CAPTURE_AUTORELEASING = YES;
				CLANG_WARN_BOOL_CONVERSION = YES;
				CLANG_WARN_COMMA = YES;
				CLANG_WARN_CONSTANT_CONVERSION = YES;
				CLANG_WARN_DEPRECATED_OBJC_IMPLEMENTATIONS = YES;
				CLANG_WARN_DIRECT_OBJC_ISA_USAGE = YES_ERROR;
				CLANG_WARN_DOCUMENTATION_COMMENTS = YES;
				CLANG_WARN_EMPTY_BODY = YES;
				CLANG_WARN_ENUM_CONVERSION = YES;
				CLANG_WARN_INFINITE_RECURSION = YES;
				CLANG_WARN_INT_CONVERSION = YES;
				CLANG_WARN_NON_LITERAL_NULL_CONVERSION = YES;
				CLANG_WARN_OBJC_IMPLICIT_RETAIN_SELF = YES;
				CLANG_WARN_OBJC_LITERAL_CONVERSION = YES;
				CLANG_WARN_OBJC_ROOT_CLASS = YES_ERROR;
				CLANG_WARN_QUOTED_INCLUDE_IN_FRAMEWORK_HEADER = YES;
				CLANG_WARN_RANGE_LOOP_ANALYSIS = YES;
				CLANG_WARN_STRICT_PROTOTYPES = YES;
				CLANG_WARN_SUSPICIOUS_MOVE = YES;
				CLANG_WARN_UNGUARDED_AVAILABILITY = YES_AGGRESSIVE;
				CLANG_WARN_UNREACHABLE_CODE = YES;
				CLANG_WARN__DUPLICATE_METHOD_MATCH = YES;
				COPY_PHASE_STRIP = NO;
				DEBUG_INFORMATION_FORMAT = "dwarf-with-dsym";
				ENABLE_NS_ASSERTIONS = NO;
				ENABLE_STRICT_OBJC_MSGSEND = YES;
				ENABLE_USER_SCRIPT_SANDBOXING = YES;
				GCC_C_LANGUAGE_STANDARD = gnu17;
				GCC_NO_COMMON_BLOCKS = YES;
				GCC_WARN_64_TO_32_BIT_CONVERSION = YES;
				GCC_WARN_ABOUT_RETURN_TYPE = YES_ERROR;
				GCC_WARN_UNDECLARED_SELECTOR = YES;
				GCC_WARN_UNINITIALIZED_AUTOS = YES_AGGRESSIVE;
				GCC_WARN_UNUSED_FUNCTION = YES;
				GCC_WARN_UNUSED_VARIABLE = YES;
				IPHONEOS_DEPLOYMENT_TARGET = 17.0;
				LOCALIZATION_PREFERS_STRING_CATALOGS = YES;
				MTL_ENABLE_DEBUG_INFO = NO;
				MTL_FAST_MATH = YES;
				SDKROOT = iphoneos;
				SWIFT_COMPILATION_MODE = wholemodule;
				VALIDATE_PRODUCT = YES;
			};
			name = Release;
		};
		C6CB2BBE2AE6690600D398F5 /* Debug */ = {
			isa = XCBuildConfiguration;
			buildSettings = {
				ASSETCATALOG_COMPILER_APPICON_NAME = AppIcon;
				ASSETCATALOG_COMPILER_GLOBAL_ACCENT_COLOR_NAME = AccentColor;
				CODE_SIGN_STYLE = Automatic;
				CURRENT_PROJECT_VERSION = 1;
				DEVELOPMENT_ASSET_PATHS = "\"GitTest/Preview Content\"";
				DEVELOPMENT_TEAM = 2S4J9Z9A3K;
				ENABLE_PREVIEWS = YES;
				GENERATE_INFOPLIST_FILE = YES;
				INFOPLIST_KEY_UIApplicationSceneManifest_Generation = YES;
				INFOPLIST_KEY_UIApplicationSupportsIndirectInputEvents = YES;
				INFOPLIST_KEY_UILaunchScreen_Generation = YES;
				INFOPLIST_KEY_UISupportedInterfaceOrientations_iPad = "UIInterfaceOrientationPortrait UIInterfaceOrientationPortraitUpsideDown UIInterfaceOrientationLandscapeLeft UIInterfaceOrientationLandscapeRight";
				INFOPLIST_KEY_UISupportedInterfaceOrientations_iPhone = "UIInterfaceOrientationPortrait UIInterfaceOrientationLandscapeLeft UIInterfaceOrientationLandscapeRight";
				LD_RUNPATH_SEARCH_PATHS = (
					"$(inherited)",
					"@executable_path/Frameworks",
				);
				MARKETING_VERSION = 1.0;
				PRODUCT_BUNDLE_IDENTIFIER = com.trongnghia.Github.GitTest;
				PRODUCT_NAME = "$(TARGET_NAME)";
				SWIFT_EMIT_LOC_STRINGS = YES;
				SWIFT_VERSION = 5.0;
				TARGETED_DEVICE_FAMILY = "1,2";
			};
			name = Debug;
		};
		C6CB2BBF2AE6690600D398F5 /* Release */ = {
			isa = XCBuildConfiguration;
			buildSettings = {
				ASSETCATALOG_COMPILER_APPICON_NAME = AppIcon;
				ASSETCATALOG_COMPILER_GLOBAL_ACCENT_COLOR_NAME = AccentColor;
				CODE_SIGN_STYLE = Automatic;
				CURRENT_PROJECT_VERSION = 1;
				DEVELOPMENT_ASSET_PATHS = "\"GitTest/Preview Content\"";
				DEVELOPMENT_TEAM = 2S4J9Z9A3K;
				ENABLE_PREVIEWS = YES;
				GENERATE_INFOPLIST_FILE = YES;
				INFOPLIST_KEY_UIApplicationSceneManifest_Generation = YES;
				INFOPLIST_KEY_UIApplicationSupportsIndirectInputEvents = YES;
				INFOPLIST_KEY_UILaunchScreen_Generation = YES;
				INFOPLIST_KEY_UISupportedInterfaceOrientations_iPad = "UIInterfaceOrientationPortrait UIInterfaceOrientationPortraitUpsideDown UIInterfaceOrientationLandscapeLeft UIInterfaceOrientationLandscapeRight";
				INFOPLIST_KEY_UISupportedInterfaceOrientations_iPhone = "UIInterfaceOrientationPortrait UIInterfaceOrientationLandscapeLeft UIInterfaceOrientationLandscapeRight";
				LD_RUNPATH_SEARCH_PATHS = (
					"$(inherited)",
					"@executable_path/Frameworks",
				);
				MARKETING_VERSION = 1.0;
				PRODUCT_BUNDLE_IDENTIFIER = com.trongnghia.Github.GitTest;
				PRODUCT_NAME = "$(TARGET_NAME)";
				SWIFT_EMIT_LOC_STRINGS = YES;
				SWIFT_VERSION = 5.0;
				TARGETED_DEVICE_FAMILY = "1,2";
			};
			name = Release;
		};
/* End XCBuildConfiguration section */

/* Begin XCConfigurationList section */
		C6CB2BAA2AE6690300D398F5 /* Build configuration list for PBXProject "GitTest" */ = {
			isa = XCConfigurationList;
			buildConfigurations = (
				C6CB2BBB2AE6690600D398F5 /* Debug */,
				C6CB2BBC2AE6690600D398F5 /* Release */,
			);
			defaultConfigurationIsVisible = 0;
			defaultConfigurationName = Release;
		};
		C6CB2BBD2AE6690600D398F5 /* Build configuration list for PBXNativeTarget "GitTest" */ = {
			isa = XCConfigurationList;
			buildConfigurations = (
				C6CB2BBE2AE6690600D398F5 /* Debug */,
				C6CB2BBF2AE6690600D398F5 /* Release */,
			);
			defaultConfigurationIsVisible = 0;
			defaultConfigurationName = Release;
		};
/* End XCConfigurationList section */

/* Begin XCVersionGroup section */
		C60EDBDA2AECC15A00C48C02 /* PortfolioContainer.xcdatamodeld */ = {
			isa = XCVersionGroup;
			children = (
				C60EDBDB2AECC15A00C48C02 /* PortfolioContainer.xcdatamodel */,
			);
			currentVersion = C60EDBDB2AECC15A00C48C02 /* PortfolioContainer.xcdatamodel */;
			path = PortfolioContainer.xcdatamodeld;
			sourceTree = "<group>";
			versionGroupType = wrapper.xcdatamodel;
		};
/* End XCVersionGroup section */
	};
	rootObject = C6CB2BA72AE6690300D398F5 /* Project object */;
}
